{
  "name": "cluster-dash-gen",
  "version": "1.0.0",
  "lockfileVersion": 1,
  "requires": true,
  "dependencies": {
    "commander": {
      "version": "2.20.3",
      "resolved": "https://registry.npmjs.org/commander/-/commander-2.20.3.tgz",
      "integrity": "sha512-GpVkmM8vF2vQUkj2LvZmD35JxeJOLCwJ9cUkugyk2nuhbv3+mJvpLYYt+0+USMxE+oj+ey/lJEnhZw75x/OMcQ=="
    },
    "json-templater": {
      "version": "1.2.0",
      "resolved": "https://registry.npmjs.org/json-templater/-/json-templater-1.2.0.tgz",
      "integrity": "sha512-u2l5PGQuLs6eoeAW6z7LOgyk17d7v4LutnO630ZQt1Nw9XxzepU4vD1HDlYV45d0aR3tBek4AK6GYWbEI0nhOQ=="
    },
    "node-fetch": {
      "version": "2.0.0",
      "resolved": "https://registry.npmjs.org/node-fetch/-/node-fetch-2.0.0.tgz",
      "integrity": "sha1-mCu6Q+zU8pIqKcwYamu7C7c/y6Y="
    }
  }
}
